
Microsoft Visual Studio Solution File, Format Version 12.00
# Visual Studio Version 16
VisualStudioVersion = 16.0.29503.13
MinimumVisualStudioVersion = 10.0.40219.1
Project("{9A19103F-16F7-4668-BE54-9A1E7A4F7556}") = "Fortnite-API", "Fortnite-API\Fortnite-API.csproj", "{591626D0-DB4F-45D8-AC97-E970FCB715B6}"
EndProject
Project("{FAE04EC0-301F-11D3-BF4B-00C04F79EFBC}") = "Fortnite-API.Test", "Fortnite-API.Test\Fortnite-API.Test.csproj", "{90D24488-44F9-4402-A3BF-D8B3F2040C1B}"
EndProject
Global
	GlobalSection(SolutionConfigurationPlatforms) = preSolution
		Debug|Any CPU = Debug|Any CPU
		Release|Any CPU = Release|Any CPU
	EndGlobalSection
	GlobalSection(ProjectConfigurationPlatforms) = postSolution
		{591626D0-DB4F-45D8-AC97-E970FCB715B6}.Debug|Any CPU.ActiveCfg = Debug|Any CPU
		{591626D0-DB4F-45D8-AC97-E970FCB715B6}.Debug|Any CPU.Build.0 = Debug|Any CPU
		{591626D0-DB4F-45D8-AC97-E970FCB715B6}.Release|Any CPU.ActiveCfg = Release|Any CPU
		{591626D0-DB4F-45D8-AC97-E970FCB715B6}.Release|Any CPU.Build.0 = Release|Any CPU
		{90D24488-44F9-4402-A3BF-D8B3F2040C1B}.Debug|Any CPU.ActiveCfg = Debug|Any CPU
		{90D24488-44F9-4402-A3BF-D8B3F2040C1B}.Debug|Any CPU.Build.0 = Debug|Any CPU
		{90D24488-44F9-4402-A3BF-D8B3F2040C1B}.Release|Any CPU.ActiveCfg = Release|Any CPU
		{90D24488-44F9-4402-A3BF-D8B3F2040C1B}.Release|Any CPU.Build.0 = Release|Any CPU
	EndGlobalSection
	GlobalSection(SolutionProperties) = preSolution
		HideSolutionNode = FALSE
	EndGlobalSection
	GlobalSection(ExtensibilityGlobals) = postSolution
		SolutionGuid = {337EBEE7-A75D-466C-99ED-A4482BC8A9C9}
	EndGlobalSection
EndGlobal
